// !$*UTF8*$!
{
	archiveVersion = 1;
	classes = {
	};
	objectVersion = 50;
	objects = {

/* Begin PBXBuildFile section */
		7818ACBD26FD3CD1002D17EF /* TableViewCell.swift in Sources */ = {isa = PBXBuildFile; fileRef = 7818ACBC26FD3CD1002D17EF /* TableViewCell.swift */; };
		7835F91426FCF12D0042DED9 /* AppDelegate.swift in Sources */ = {isa = PBXBuildFile; fileRef = 7835F91326FCF12D0042DED9 /* AppDelegate.swift */; };
		7835F91626FCF12D0042DED9 /* SceneDelegate.swift in Sources */ = {isa = PBXBuildFile; fileRef = 7835F91526FCF12D0042DED9 /* SceneDelegate.swift */; };
		7835F91826FCF12D0042DED9 /* ViewController.swift in Sources */ = {isa = PBXBuildFile; fileRef = 7835F91726FCF12D0042DED9 /* ViewController.swift */; };
		7835F91B26FCF12D0042DED9 /* Main.storyboard in Resources */ = {isa = PBXBuildFile; fileRef = 7835F91926FCF12D0042DED9 /* Main.storyboard */; };
		7835F91D26FCF1320042DED9 /* Assets.xcassets in Resources */ = {isa = PBXBuildFile; fileRef = 7835F91C26FCF1320042DED9 /* Assets.xcassets */; };
		7835F92026FCF1320042DED9 /* LaunchScreen.storyboard in Resources */ = {isa = PBXBuildFile; fileRef = 7835F91E26FCF1320042DED9 /* LaunchScreen.storyboard */; };
/* End PBXBuildFile section */

/* Begin PBXFileReference section */
		7818ACBC26FD3CD1002D17EF /* TableViewCell.swift */ = {isa = PBXFileReference; lastKnownFileType = sourcecode.swift; path = TableViewCell.swift; sourceTree = "<group>"; };
		7835F91026FCF12D0042DED9 /* TableViewLearn.app */ = {isa = PBXFileReference; explicitFileType = wrapper.application; includeInIndex = 0; path = TableViewLearn.app; sourceTree = BUILT_PRODUCTS_DIR; };
		7835F91326FCF12D0042DED9 /* AppDelegate.swift */ = {isa = PBXFileReference; lastKnownFileType = sourcecode.swift; path = AppDelegate.swift; sourceTree = "<group>"; };
		7835F91526FCF12D0042DED9 /* SceneDelegate.swift */ = {isa = PBXFileReference; lastKnownFileType = sourcecode.swift; path = SceneDelegate.swift; sourceTree = "<group>"; };
		7835F91726FCF12D0042DED9 /* ViewController.swift */ = {isa = PBXFileReference; lastKnownFileType = sourcecode.swift; path = ViewController.swift; sourceTree = "<group>"; };
		7835F91A26FCF12D0042DED9 /* Base */ = {isa = PBXFileReference; lastKnownFileType = file.storyboard; name = Base; path = Base.lproj/Main.storyboard; sourceTree = "<group>"; };
		7835F91C26FCF1320042DED9 /* Assets.xcassets */ = {isa = PBXFileReference; lastKnownFileType = folder.assetcatalog; path = Assets.xcassets; sourceTree = "<group>"; };
		7835F91F26FCF1320042DED9 /* Base */ = {isa = PBXFileReference; lastKnownFileType = file.storyboard; name = Base; path = Base.lproj/LaunchScreen.storyboard; sourceTree = "<group>"; };
		7835F92126FCF1320042DED9 /* Info.plist */ = {isa = PBXFileReference; lastKnownFileType = text.plist.xml; path = Info.plist; sourceTree = "<group>"; };
/* End PBXFileReference section */

/* Begin PBXFrameworksBuildPhase section */
		7835F90D26FCF12D0042DED9 /* Frameworks */ = {
			isa = PBXFrameworksBuildPhase;
			buildActionMask = 2147483647;
			files = (
			);
			runOnlyForDeploymentPostprocessing = 0;
		};
/* End PBXFrameworksBuildPhase section */

/* Begin PBXGroup section */
		7835F90726FCF12D0042DED9 = {
			isa = PBXGroup;
			children = (
				7835F91226FCF12D0042DED9 /* TableViewLearn */,
				7835F91126FCF12D0042DED9 /* Products */,
			);
			sourceTree = "<group>";
		};
		7835F91126FCF12D0042DED9 /* Products */ = {
			isa = PBXGroup;
			children = (
				7835F91026FCF12D0042DED9 /* TableViewLearn.app */,
			);
			name = Products;
			sourceTree = "<group>";
		};
		7835F91226FCF12D0042DED9 /* TableViewLearn */ = {
			isa = PBXGroup;
			children = (
				7835F91326FCF12D0042DED9 /* AppDelegate.swift */,
				7835F91526FCF12D0042DED9 /* SceneDelegate.swift */,
				7835F91726FCF12D0042DED9 /* ViewController.swift */,
				7835F91926FCF12D0042DED9 /* Main.storyboard */,
				7818ACBC26FD3CD1002D17EF /* TableViewCell.swift */,
				7835F91C26FCF1320042DED9 /* Assets.xcassets */,
				7835F91E26FCF1320042DED9 /* LaunchScreen.storyboard */,
				7835F92126FCF1320042DED9 /* Info.plist */,
			);
			path = TableViewLearn;
			sourceTree = "<group>";
		};
/* End PBXGroup section */

/* Begin PBXNativeTarget section */
		7835F90F26FCF12D0042DED9 /* TableViewLearn */ = {
			isa = PBXNativeTarget;
			buildConfigurationList = 7835F92426FCF1320042DED9 /* Build configuration list for PBXNativeTarget "TableViewLearn" */;
			buildPhases = (
				7835F90C26FCF12D0042DED9 /* Sources */,
				7835F90D26FCF12D0042DED9 /* Frameworks */,
				7835F90E26FCF12D0042DED9 /* Resources */,
			);
			buildRules = (
			);
			dependencies = (
			);
			name = TableViewLearn;
			productName = TableViewLearn;
			productReference = 7835F91026FCF12D0042DED9 /* TableViewLearn.app */;
			productType = "com.apple.product-type.application";
		};
/* End PBXNativeTarget section */

/* Begin PBXProject section */
		7835F90826FCF12D0042DED9 /* Project object */ = {
			isa = PBXProject;
			attributes = {
				LastSwiftUpdateCheck = 1250;
				LastUpgradeCheck = 1250;
				TargetAttributes = {
					7835F90F26FCF12D0042DED9 = {
						CreatedOnToolsVersion = 12.5.1;
					};
				};
			};
			buildConfigurationList = 7835F90B26FCF12D0042DED9 /* Build configuration list for PBXProject "TableViewLearn" */;
			compatibilityVersion = "Xcode 9.3";
			developmentRegion = en;
			hasScannedForEncodings = 0;
			knownRegions = (
				en,
				Base,
			);
			mainGroup = 7835F90726FCF12D0042DED9;
			productRefGroup = 7835F91126FCF12D0042DED9 /* Products */;
			projectDirPath = "";
			projectRoot = "";
			targets = (
				7835F90F26FCF12D0042DED9 /* TableViewLearn */,
			);
		};
/* End PBXProject section */

/* Begin PBXResourcesBuildPhase section */
		7835F90E26FCF12D0042DED9 /* Resources */ = {
			isa = PBXResourcesBuildPhase;
			buildActionMask = 2147483647;
			files = (
				7835F92026FCF1320042DED9 /* LaunchScreen.storyboard in Resources */,
				7835F91D26FCF1320042DED9 /* Assets.xcassets in Resources */,
				7835F91B26FCF12D0042DED9 /* Main.storyboard in Resources */,
			);
			runOnlyForDeploymentPostprocessing = 0;
		};
/* End PBXResourcesBuildPhase section */

/* Begin PBXSourcesBuildPhase section */
		7835F90C26FCF12D0042DED9 /* Sources */ = {
			isa = PBXSourcesBuildPhase;
			buildActionMask = 2147483647;
			files = (
				7835F91826FCF12D0042DED9 /* ViewController.swift in Sources */,
				7818ACBD26FD3CD1002D17EF /* TableViewCell.swift in Sources */,
				7835F91426FCF12D0042DED9 /* AppDelegate.swift in Sources */,
				7835F91626FCF12D0042DED9 /* SceneDelegate.swift in Sources */,
			);
			runOnlyForDeploymentPostprocessing = 0;
		};
/* End PBXSourcesBuildPhase section */

/* Begin PBXVariantGroup section */
		7835F91926FCF12D0042DED9 /* Main.storyboard */ = {
			isa = PBXVariantGroup;
			children = (
				7835F91A26FCF12D0042DED9 /* Base */,
			);
			name = Main.storyboard;
			sourceTree = "<group>";
		};
		7835F91E26FCF1320042DED9 /* LaunchScreen.storyboard */ = {
			isa = PBXVariantGroup;
			children = (
				7835F91F26FCF1320042DED9 /* Base */,
			);
			name = LaunchScreen.storyboard;
			sourceTree = "<group>";
		};
/* End PBXVariantGroup section */

/* Begin XCBuildConfiguration section */
		7835F92226FCF1320042DED9 /* Debug */ = {
			isa = XCBuildConfiguration;
			buildSettings = {
				ALWAYS_SEARCH_USER_PATHS = NO;
				CLANG_ANALYZER_NONNULL = YES;
				CLANG_ANALYZER_NUMBER_OBJECT_CONVERSION = YES_AGGRESSIVE;
				CLANG_CXX_LANGUAGE_STANDARD = "gnu++14";
				CLANG_CXX_LIBRARY = "libc++";
				CLANG_ENABLE_MODULES = YES;
				CLANG_ENABLE_OBJC_ARC = YES;
				CLANG_ENABLE_OBJC_WEAK = YES;
				CLANG_WARN_BLOCK_CAPTURE_AUTORELEASING = YES;
				CLANG_WARN_BOOL_CONVERSION = YES;
				CLANG_WARN_COMMA = YES;
				CLANG_WARN_CONSTANT_CONVERSION = YES;
				CLANG_WARN_DEPRECATED_OBJC_IMPLEMENTATIONS = YES;
				CLANG_WARN_DIRECT_OBJC_ISA_USAGE = YES_ERROR;
				CLANG_WARN_DOCUMENTATION_COMMENTS = YES;
				CLANG_WARN_EMPTY_BODY = YES;
				CLANG_WARN_ENUM_CONVERSION = YES;
				CLANG_WARN_INFINITE_RECURSION = YES;
				CLANG_WARN_INT_CONVERSION = YES;
				CLANG_WARN_NON_LITERAL_NULL_CONVERSION = YES;
				CLANG_WARN_OBJC_IMPLICIT_RETAIN_SELF = YES;
				CLANG_WARN_OBJC_LITERAL_CONVERSION = YES;
				CLANG_WARN_OBJC_ROOT_CLASS = YES_ERROR;
				CLANG_WARN_QUOTED_INCLUDE_IN_FRAMEWORK_HEADER = YES;
				CLANG_WARN_RANGE_LOOP_ANALYSIS = YES;
				CLANG_WARN_STRICT_PROTOTYPES = YES;
				CLANG_WARN_SUSPICIOUS_MOVE = YES;
				CLANG_WARN_UNGUARDED_AVAILABILITY = YES_AGGRESSIVE;
				CLANG_WARN_UNREACHABLE_CODE = YES;
				CLANG_WARN__DUPLICATE_METHOD_MATCH = YES;
				COPY_PHASE_STRIP = NO;
				DEBUG_INFORMATION_FORMAT = dwarf;
				ENABLE_STRICT_OBJC_MSGSEND = YES;
				ENABLE_TESTABILITY = YES;
				GCC_C_LANGUAGE_STANDARD = gnu11;
				GCC_DYNAMIC_NO_PIC = NO;
				GCC_NO_COMMON_BLOCKS = YES;
				GCC_OPTIMIZATION_LEVEL = 0;
				GCC_PREPROCESSOR_DEFINITIONS = (
					"DEBUG=1",
					"$(inherited)",
				);
				GCC_WARN_64_TO_32_BIT_CONVERSION = YES;
				GCC_WARN_ABOUT_RETURN_TYPE = YES_ERROR;
				GCC_WARN_UNDECLARED_SELECTOR = YES;
				GCC_WARN_UNINITIALIZED_AUTOS = YES_AGGRESSIVE;
				GCC_WARN_UNUSED_FUNCTION = YES;
				GCC_WARN_UNUSED_VARIABLE = YES;
				IPHONEOS_DEPLOYMENT_TARGET = 14.5;
				MTL_ENABLE_DEBUG_INFO = INCLUDE_SOURCE;
				MTL_FAST_MATH = YES;
				ONLY_ACTIVE_ARCH = YES;
				SDKROOT = iphoneos;
				SWIFT_ACTIVE_COMPILATION_CONDITIONS = DEBUG;
				SWIFT_OPTIMIZATION_LEVEL = "-Onone";
			};
			name = Debug;
		};
		7835F92326FCF1320042DED9 /* Release */ = {
			isa = XCBuildConfiguration;
			buildSettings = {
				ALWAYS_SEARCH_USER_PATHS = NO;
				CLANG_ANALYZER_NONNULL = YES;
				CLANG_ANALYZER_NUMBER_OBJECT_CONVERSION = YES_AGGRESSIVE;
				CLANG_CXX_LANGUAGE_STANDARD = "gnu++14";
				CLANG_CXX_LIBRARY = "libc++";
				CLANG_ENABLE_MODULES = YES;
				CLANG_ENABLE_OBJC_ARC = YES;
				CLANG_ENABLE_OBJC_WEAK = YES;
				CLANG_WARN_BLOCK_CAPTURE_AUTORELEASING = YES;
				CLANG_WARN_BOOL_CONVERSION = YES;
				CLANG_WARN_COMMA = YES;
				CLANG_WARN_CONSTANT_CONVERSION = YES;
				CLANG_WARN_DEPRECATED_OBJC_IMPLEMENTATIONS = YES;
				CLANG_WARN_DIRECT_OBJC_ISA_USAGE = YES_ERROR;
				CLANG_WARN_DOCUMENTATION_COMMENTS = YES;
				CLANG_WARN_EMPTY_BODY = YES;
				CLANG_WARN_ENUM_CONVERSION = YES;
				CLANG_WARN_INFINITE_RECURSION = YES;
				CLANG_WARN_INT_CONVERSION = YES;
				CLANG_WARN_NON_LITERAL_NULL_CONVERSION = YES;
				CLANG_WARN_OBJC_IMPLICIT_RETAIN_SELF = YES;
				CLANG_WARN_OBJC_LITERAL_CONVERSION = YES;
				CLANG_WARN_OBJC_ROOT_CLASS = YES_ERROR;
				CLANG_WARN_QUOTED_INCLUDE_IN_FRAMEWORK_HEADER = YES;
				CLANG_WARN_RANGE_LOOP_ANALYSIS = YES;
				CLANG_WARN_STRICT_PROTOTYPES = YES;
				CLANG_WARN_SUSPICIOUS_MOVE = YES;
				CLANG_WARN_UNGUARDED_AVAILABILITY = YES_AGGRESSIVE;
				CLANG_WARN_UNREACHABLE_CODE = YES;
				CLANG_WARN__DUPLICATE_METHOD_MATCH = YES;
				COPY_PHASE_STRIP = NO;
				DEBUG_INFORMATION_FORMAT = "dwarf-with-dsym";
				ENABLE_NS_ASSERTIONS = NO;
				ENABLE_STRICT_OBJC_MSGSEND = YES;
				GCC_C_LANGUAGE_STANDARD = gnu11;
				GCC_NO_COMMON_BLOCKS = YES;
				GCC_WARN_64_TO_32_BIT_CONVERSION = YES;
				GCC_WARN_ABOUT_RETURN_TYPE = YES_ERROR;
				GCC_WARN_UNDECLARED_SELECTOR = YES;
				GCC_WARN_UNINITIALIZED_AUTOS = YES_AGGRESSIVE;
				GCC_WARN_UNUSED_FUNCTION = YES;
				GCC_WARN_UNUSED_VARIABLE = YES;
				IPHONEOS_DEPLOYMENT_TARGET = 14.5;
				MTL_ENABLE_DEBUG_INFO = NO;
				MTL_FAST_MATH = YES;
				SDKROOT = iphoneos;
				SWIFT_COMPILATION_MODE = wholemodule;
				SWIFT_OPTIMIZATION_LEVEL = "-O";
				VALIDATE_PRODUCT = YES;
			};
			name = Release;
		};
		7835F92526FCF1320042DED9 /* Debug */ = {
			isa = XCBuildConfiguration;
			buildSettings = {
				ASSETCATALOG_COMPILER_APPICON_NAME = AppIcon;
				ASSETCATALOG_COMPILER_GLOBAL_ACCENT_COLOR_NAME = AccentColor;
				CODE_SIGN_STYLE = Automatic;
				INFOPLIST_FILE = TableViewLearn/Info.plist;
				LD_RUNPATH_SEARCH_PATHS = (
					"$(inherited)",
					"@executable_path/Frameworks",
				);
				PRODUCT_BUNDLE_IDENTIFIER = edu.notheastern.mengh.TableViewLearn;
				PRODUCT_NAME = "$(TARGET_NAME)";
				SWIFT_VERSION = 5.0;
				TARGETED_DEVICE_FAMILY = "1,2";
			};
			name = Debug;
		};
		7835F92626FCF1320042DED9 /* Release */ = {
			isa = XCBuildConfiguration;
			buildSettings = {
				ASSETCATALOG_COMPILER_APPICON_NAME = AppIcon;
				ASSETCATALOG_COMPILER_GLOBAL_ACCENT_COLOR_NAME = AccentColor;
				CODE_SIGN_STYLE = Automatic;
				INFOPLIST_FILE = TableViewLearn/Info.plist;
				LD_RUNPATH_SEARCH_PATHS = (
					"$(inherited)",
					"@executable_path/Frameworks",
				);
				PRODUCT_BUNDLE_IDENTIFIER = edu.notheastern.mengh.TableViewLearn;
				PRODUCT_NAME = "$(TARGET_NAME)";
				SWIFT_VERSION = 5.0;
				TARGETED_DEVICE_FAMILY = "1,2";
			};
			name = Release;
		};
/* End XCBuildConfiguration section */

/* Begin XCConfigurationList section */
		7835F90B26FCF12D0042DED9 /* Build configuration list for PBXProject "TableViewLearn" */ = {
			isa = XCConfigurationList;
			buildConfigurations = (
				7835F92226FCF1320042DED9 /* Debug */,
				7835F92326FCF1320042DED9 /* Release */,
			);
			defaultConfigurationIsVisible = 0;
			defaultConfigurationName = Release;
		};
		7835F92426FCF1320042DED9 /* Build configuration list for PBXNativeTarget "TableViewLearn" */ = {
			isa = XCConfigurationList;
			buildConfigurations = (
				7835F92526FCF1320042DED9 /* Debug */,
				7835F92626FCF1320042DED9 /* Release */,
			);
			defaultConfigurationIsVisible = 0;
			defaultConfigurationName = Release;
		};
/* End XCConfigurationList section */
	};
	rootObject = 7835F90826FCF12D0042DED9 /* Project object */;
}
